
Microsoft Visual Studio Solution File, Format Version 12.00
# Visual Studio 2012
Project("{FAE04EC0-301F-11D3-BF4B-00C04F79EFBC}") = "Aria", "Aria\Aria.csproj", "{1E3CD71E-4F24-4A33-AD58-50016C521DF6}"
EndProject
Project("{FAE04EC0-301F-11D3-BF4B-00C04F79EFBC}") = "Aria.iOS", "iOS\Aria.iOS.csproj", "{0C229943-96F0-4E0A-A547-2991D93835F0}"
EndProject
Project("{FAE04EC0-301F-11D3-BF4B-00C04F79EFBC}") = "Aria.Droid", "Droid\Aria.Droid.csproj", "{2C51F888-84F0-4B8F-B3F3-88C1B89DFCBD}"
EndProject
Global
	GlobalSection(SolutionConfigurationPlatforms) = preSolution
		Debug|Any CPU = Debug|Any CPU
		Release|Any CPU = Release|Any CPU
		Debug|iPhoneSimulator = Debug|iPhoneSimulator
		Release|iPhone = Release|iPhone
		Release|iPhoneSimulator = Release|iPhoneSimulator
		Debug|iPhone = Debug|iPhone
	EndGlobalSection
	GlobalSection(ProjectConfigurationPlatforms) = postSolution
		{1E3CD71E-4F24-4A33-AD58-50016C521DF6}.Debug|Any CPU.ActiveCfg = Debug|Any CPU
		{1E3CD71E-4F24-4A33-AD58-50016C521DF6}.Debug|Any CPU.Build.0 = Debug|Any CPU
		{1E3CD71E-4F24-4A33-AD58-50016C521DF6}.Release|Any CPU.ActiveCfg = Release|Any CPU
		{1E3CD71E-4F24-4A33-AD58-50016C521DF6}.Release|Any CPU.Build.0 = Release|Any CPU
		{1E3CD71E-4F24-4A33-AD58-50016C521DF6}.Debug|iPhoneSimulator.ActiveCfg = Debug|Any CPU
		{1E3CD71E-4F24-4A33-AD58-50016C521DF6}.Debug|iPhoneSimulator.Build.0 = Debug|Any CPU
		{1E3CD71E-4F24-4A33-AD58-50016C521DF6}.Release|iPhone.ActiveCfg = Release|Any CPU
		{1E3CD71E-4F24-4A33-AD58-50016C521DF6}.Release|iPhone.Build.0 = Release|Any CPU
		{1E3CD71E-4F24-4A33-AD58-50016C521DF6}.Release|iPhoneSimulator.ActiveCfg = Release|Any CPU
		{1E3CD71E-4F24-4A33-AD58-50016C521DF6}.Release|iPhoneSimulator.Build.0 = Release|Any CPU
		{1E3CD71E-4F24-4A33-AD58-50016C521DF6}.Debug|iPhone.ActiveCfg = Debug|Any CPU
		{1E3CD71E-4F24-4A33-AD58-50016C521DF6}.Debug|iPhone.Build.0 = Debug|Any CPU
		{0C229943-96F0-4E0A-A547-2991D93835F0}.Debug|Any CPU.ActiveCfg = Debug|iPhoneSimulator
		{0C229943-96F0-4E0A-A547-2991D93835F0}.Debug|Any CPU.Build.0 = Debug|iPhoneSimulator
		{0C229943-96F0-4E0A-A547-2991D93835F0}.Release|Any CPU.ActiveCfg = Release|iPhone
		{0C229943-96F0-4E0A-A547-2991D93835F0}.Release|Any CPU.Build.0 = Release|iPhone
		{0C229943-96F0-4E0A-A547-2991D93835F0}.Debug|iPhoneSimulator.ActiveCfg = Debug|iPhoneSimulator
		{0C229943-96F0-4E0A-A547-2991D93835F0}.Debug|iPhoneSimulator.Build.0 = Debug|iPhoneSimulator
		{0C229943-96F0-4E0A-A547-2991D93835F0}.Release|iPhone.ActiveCfg = Release|iPhone
		{0C229943-96F0-4E0A-A547-2991D93835F0}.Release|iPhone.Build.0 = Release|iPhone
		{0C229943-96F0-4E0A-A547-2991D93835F0}.Release|iPhoneSimulator.ActiveCfg = Release|iPhoneSimulator
		{0C229943-96F0-4E0A-A547-2991D93835F0}.Release|iPhoneSimulator.Build.0 = Release|iPhoneSimulator
		{0C229943-96F0-4E0A-A547-2991D93835F0}.Debug|iPhone.ActiveCfg = Debug|iPhone
		{0C229943-96F0-4E0A-A547-2991D93835F0}.Debug|iPhone.Build.0 = Debug|iPhone
		{2C51F888-84F0-4B8F-B3F3-88C1B89DFCBD}.Debug|Any CPU.ActiveCfg = Debug|Any CPU
		{2C51F888-84F0-4B8F-B3F3-88C1B89DFCBD}.Debug|Any CPU.Build.0 = Debug|Any CPU
		{2C51F888-84F0-4B8F-B3F3-88C1B89DFCBD}.Release|Any CPU.ActiveCfg = Release|Any CPU
		{2C51F888-84F0-4B8F-B3F3-88C1B89DFCBD}.Release|Any CPU.Build.0 = Release|Any CPU
		{2C51F888-84F0-4B8F-B3F3-88C1B89DFCBD}.Debug|iPhoneSimulator.ActiveCfg = Debug|Any CPU
		{2C51F888-84F0-4B8F-B3F3-88C1B89DFCBD}.Debug|iPhoneSimulator.Build.0 = Debug|Any CPU
		{2C51F888-84F0-4B8F-B3F3-88C1B89DFCBD}.Release|iPhone.ActiveCfg = Release|Any CPU
		{2C51F888-84F0-4B8F-B3F3-88C1B89DFCBD}.Release|iPhone.Build.0 = Release|Any CPU
		{2C51F888-84F0-4B8F-B3F3-88C1B89DFCBD}.Release|iPhoneSimulator.ActiveCfg = Release|Any CPU
		{2C51F888-84F0-4B8F-B3F3-88C1B89DFCBD}.Release|iPhoneSimulator.Build.0 = Release|Any CPU
		{2C51F888-84F0-4B8F-B3F3-88C1B89DFCBD}.Debug|iPhone.ActiveCfg = Debug|Any CPU
		{2C51F888-84F0-4B8F-B3F3-88C1B89DFCBD}.Debug|iPhone.Build.0 = Debug|Any CPU
	EndGlobalSection
EndGlobal
